
Microsoft Visual Studio Solution File, Format Version 12.00
# Visual Studio Version 17
VisualStudioVersion = 17.4.33213.308
MinimumVisualStudioVersion = 10.0.40219.1
Project("{FAE04EC0-301F-11D3-BF4B-00C04F79EFBC}") = "GUI course work", "GUI course work\GUI course work.csproj", "{EBF80074-ED1E-45B6-89B3-75965805592C}"
EndProject
Global
	GlobalSection(SolutionConfigurationPlatforms) = preSolution
		Debug|Any CPU = Debug|Any CPU
		Release|Any CPU = Release|Any CPU
	EndGlobalSection
	GlobalSection(ProjectConfigurationPlatforms) = postSolution
		{EBF80074-ED1E-45B6-89B3-75965805592C}.Debug|Any CPU.ActiveCfg = Debug|Any CPU
		{EBF80074-ED1E-45B6-89B3-75965805592C}.Debug|Any CPU.Build.0 = Debug|Any CPU
		{EBF80074-ED1E-45B6-89B3-75965805592C}.Release|Any CPU.ActiveCfg = Release|Any CPU
		{EBF80074-ED1E-45B6-89B3-75965805592C}.Release|Any CPU.Build.0 = Release|Any CPU
	EndGlobalSection
	GlobalSection(SolutionProperties) = preSolution
		HideSolutionNode = FALSE
	EndGlobalSection
	GlobalSection(ExtensibilityGlobals) = postSolution
		SolutionGuid = {9EDB8037-3265-417E-A6BB-A2DE05434AF5}
	EndGlobalSection
EndGlobal
